<?xml version="1.0" encoding="utf-8"?>
<Project ToolsVersion="4.0" xmlns="http://schemas.microsoft.com/developer/msbuild/2003">
  <ItemGroup>
    <Filter Include="Исходные файлы">
      <UniqueIdentifier>{4FC737F1-C7A5-4376-A066-2A32D752A2FF}</UniqueIdentifier>
      <Extensions>cpp;c;cc;cxx;c++;cppm;ixx;def;odl;idl;hpj;bat;asm;asmx</Extensions>
    </Filter>
    <Filter Include="Файлы заголовков">
      <UniqueIdentifier>{93995380-89BD-4b04-88EB-625FBE52EBFB}</UniqueIdentifier>
      <Extensions>h;hh;hpp;hxx;h++;hm;inl;inc;ipp;xsd</Extensions>
    </Filter>
    <Filter Include="Файлы ресурсов">
      <UniqueIdentifier>{67DA6AB6-F800-4c08-8B7A-83BB121AAD01}</UniqueIdentifier>
      <Extensions>rc;ico;cur;bmp;dlg;rc2;rct;bin;rgs;gif;jpg;jpeg;jpe;resx;tiff;tif;png;wav;mfcribbon-ms</Extensions>
    </Filter>
    <Filter Include="Файлы заголовков\Interfaces">
      <UniqueIdentifier>{55a6d9f2-f15d-4804-9efb-fe39150ec9da}</UniqueIdentifier>
    </Filter>
    <Filter Include="Файлы заголовков\Other">
      <UniqueIdentifier>{096c5e35-63f8-4d51-8ca4-6ecfc0c3c975}</UniqueIdentifier>
    </Filter>
    <Filter Include="Исходные файлы\Entities">
      <UniqueIdentifier>{25a9f6c2-fed7-4ef6-a307-62acbff6de4b}</UniqueIdentifier>
    </Filter>
    <Filter Include="Исходные файлы\Engine">
      <UniqueIdentifier>{27f25975-82a7-47f9-a865-8d65e03209a9}</UniqueIdentifier>
    </Filter>
    <Filter Include="Исходные файлы\Helpers">
      <UniqueIdentifier>{6e494833-9977-4424-bbeb-ae7067053660}</UniqueIdentifier>
    </Filter>
    <Filter Include="Исходные файлы\Helpers\Sounds">
      <UniqueIdentifier>{ed75fbd0-35f4-4906-a762-120d27c6cedb}</UniqueIdentifier>
    </Filter>
  </ItemGroup>
  <ItemGroup>
    <ClCompile Include="Main.cpp">
      <Filter>Исходные файлы</Filter>
    </ClCompile>
    <ClCompile Include="MapInfo.cpp">
      <Filter>Исходные файлы\Entities</Filter>
    </ClCompile>
    <ClCompile Include="Player.cpp">
      <Filter>Исходные файлы\Entities</Filter>
    </ClCompile>
    <ClCompile Include="Monster.cpp">
      <Filter>Исходные файлы\Entities</Filter>
    </ClCompile>
    <ClCompile Include="Engine.cpp">
      <Filter>Исходные файлы\Engine</Filter>
    </ClCompile>
    <ClCompile Include="Screensavers.cpp">
      <Filter>Исходные файлы\Helpers</Filter>
    </ClCompile>
  </ItemGroup>
  <ItemGroup>
    <ClInclude Include="IEngine.h">
      <Filter>Файлы заголовков\Interfaces</Filter>
    </ClInclude>
    <ClInclude Include="Library.h">
      <Filter>Файлы заголовков\Other</Filter>
    </ClInclude>
    <ClInclude Include="IMonster.h">
      <Filter>Файлы заголовков\Interfaces</Filter>
    </ClInclude>
    <ClInclude Include="IMapInfo.h">
      <Filter>Файлы заголовков\Interfaces</Filter>
    </ClInclude>
    <ClInclude Include="IPlayer.h">
      <Filter>Файлы заголовков\Interfaces</Filter>
    </ClInclude>
    <ClInclude Include="IScreensavers.h">
      <Filter>Файлы заголовков\Other</Filter>
    </ClInclude>
  </ItemGroup>
</Project>