<?xml version="1.0" encoding="utf-8"?>
<Project ToolsVersion="4.0" xmlns="http://schemas.microsoft.com/developer/msbuild/2003">
  <ItemGroup>
    <Filter Include="Исходные файлы">
      <UniqueIdentifier>{4FC737F1-C7A5-4376-A066-2A32D752A2FF}</UniqueIdentifier>
      <Extensions>cpp;c;cc;cxx;c++;cppm;ixx;def;odl;idl;hpj;bat;asm;asmx</Extensions>
    </Filter>
    <Filter Include="Файлы заголовков">
      <UniqueIdentifier>{93995380-89BD-4b04-88EB-625FBE52EBFB}</UniqueIdentifier>
      <Extensions>h;hh;hpp;hxx;h++;hm;inl;inc;ipp;xsd</Extensions>
    </Filter>
    <Filter Include="Файлы ресурсов">
      <UniqueIdentifier>{67DA6AB6-F800-4c08-8B7A-83BB121AAD01}</UniqueIdentifier>
      <Extensions>rc;ico;cur;bmp;dlg;rc2;rct;bin;rgs;gif;jpg;jpeg;jpe;resx;tiff;tif;png;wav;mfcribbon-ms</Extensions>
    </Filter>
    <Filter Include="Файлы заголовков\Interfaces">
      <UniqueIdentifier>{55a6d9f2-f15d-4804-9efb-fe39150ec9da}</UniqueIdentifier>
    </Filter>
    <Filter Include="Исходные файлы\Helpers">
      <UniqueIdentifier>{6e494833-9977-4424-bbeb-ae7067053660}</UniqueIdentifier>
    </Filter>
    <Filter Include="Файлы заголовков\Interfaces\Interface Objects">
      <UniqueIdentifier>{d5dbe7bc-d4ba-438d-a2d0-6320aecc87cf}</UniqueIdentifier>
    </Filter>
    <Filter Include="Файлы заголовков\Interfaces\Interface Helpers">
      <UniqueIdentifier>{725d64f1-259c-4451-b666-7b4a0d5c99bb}</UniqueIdentifier>
    </Filter>
    <Filter Include="Исходные файлы\Objects">
      <UniqueIdentifier>{740a54f9-b3d8-4db0-9ed5-679e563c9424}</UniqueIdentifier>
    </Filter>
    <Filter Include="Файлы заголовков\Interfaces\Interface Other">
      <UniqueIdentifier>{9e6f7f0a-8116-49bb-b93f-9d03fbacf3d7}</UniqueIdentifier>
    </Filter>
    <Filter Include="Исходные файлы\Other">
      <UniqueIdentifier>{aa02531c-4958-49ee-a203-a2bd0cc26842}</UniqueIdentifier>
    </Filter>
  </ItemGroup>
  <ItemGroup>
    <ClCompile Include="main.cpp">
      <Filter>Исходные файлы</Filter>
    </ClCompile>
    <ClCompile Include="Screensavers.cpp">
      <Filter>Исходные файлы\Helpers</Filter>
    </ClCompile>
    <ClCompile Include="test.cpp">
      <Filter>Исходные файлы</Filter>
    </ClCompile>
    <ClCompile Include="RestoringHealth.cpp">
      <Filter>Исходные файлы\Objects</Filter>
    </ClCompile>
    <ClCompile Include="Monster.cpp">
      <Filter>Исходные файлы\Objects</Filter>
    </ClCompile>
    <ClCompile Include="Player.cpp">
      <Filter>Исходные файлы\Objects</Filter>
    </ClCompile>
    <ClCompile Include="Teleport.cpp">
      <Filter>Исходные файлы\Objects</Filter>
    </ClCompile>
    <ClCompile Include="RestoringEnergy.cpp">
      <Filter>Исходные файлы\Objects</Filter>
    </ClCompile>
    <ClCompile Include="Engine.cpp">
      <Filter>Исходные файлы\Other</Filter>
    </ClCompile>
    <ClCompile Include="Map.cpp">
      <Filter>Исходные файлы\Other</Filter>
    </ClCompile>
  </ItemGroup>
  <ItemGroup>
    <ClInclude Include="IRestoringHealth.h">
      <Filter>Файлы заголовков\Interfaces\Interface Objects</Filter>
    </ClInclude>
    <ClInclude Include="IScreensavers.h">
      <Filter>Файлы заголовков\Interfaces\Interface Helpers</Filter>
    </ClInclude>
    <ClInclude Include="IPlayer.h">
      <Filter>Файлы заголовков\Interfaces\Interface Objects</Filter>
    </ClInclude>
    <ClInclude Include="IRestoringEnergy.h">
      <Filter>Файлы заголовков\Interfaces\Interface Objects</Filter>
    </ClInclude>
    <ClInclude Include="ITeleport.h">
      <Filter>Файлы заголовков\Interfaces\Interface Objects</Filter>
    </ClInclude>
    <ClInclude Include="Library.h">
      <Filter>Файлы заголовков\Interfaces</Filter>
    </ClInclude>
    <ClInclude Include="IEngine.h">
      <Filter>Файлы заголовков\Interfaces\Interface Other</Filter>
    </ClInclude>
    <ClInclude Include="IMapInfo.h">
      <Filter>Файлы заголовков\Interfaces\Interface Other</Filter>
    </ClInclude>
    <ClInclude Include="IMonster.h">
      <Filter>Файлы заголовков\Interfaces\Interface Objects</Filter>
    </ClInclude>
  </ItemGroup>
</Project>